
Microsoft Visual Studio Solution File, Format Version 12.00
# Visual Studio 15
VisualStudioVersion = 15.0.28307.329
MinimumVisualStudioVersion = 10.0.40219.1
Project("{FAE04EC0-301F-11D3-BF4B-00C04F79EFBC}") = "PracticeFileStream", "PracticeFileStream\PracticeFileStream.csproj", "{CD1368CD-DBAC-46C9-B763-44AD8FF8607D}"
EndProject
Global
	GlobalSection(SolutionConfigurationPlatforms) = preSolution
		Debug|Any CPU = Debug|Any CPU
		Release|Any CPU = Release|Any CPU
	EndGlobalSection
	GlobalSection(ProjectConfigurationPlatforms) = postSolution
		{CD1368CD-DBAC-46C9-B763-44AD8FF8607D}.Debug|Any CPU.ActiveCfg = Debug|Any CPU
		{CD1368CD-DBAC-46C9-B763-44AD8FF8607D}.Debug|Any CPU.Build.0 = Debug|Any CPU
		{CD1368CD-DBAC-46C9-B763-44AD8FF8607D}.Release|Any CPU.ActiveCfg = Release|Any CPU
		{CD1368CD-DBAC-46C9-B763-44AD8FF8607D}.Release|Any CPU.Build.0 = Release|Any CPU
	EndGlobalSection
	GlobalSection(SolutionProperties) = preSolution
		HideSolutionNode = FALSE
	EndGlobalSection
	GlobalSection(ExtensibilityGlobals) = postSolution
		SolutionGuid = {F47CB924-2006-4296-97ED-6DFDFB0793D9}
	EndGlobalSection
EndGlobal
